
Microsoft Visual Studio Solution File, Format Version 12.00
# Visual Studio 14
VisualStudioVersion = 14.0.23107.0
MinimumVisualStudioVersion = 10.0.40219.1
Project("{FAE04EC0-301F-11D3-BF4B-00C04F79EFBC}") = "GuildfordBoroughCouncil.BoroughCollection", "GuildfordBoroughCouncil.BoroughCollection\GuildfordBoroughCouncil.BoroughCollection.csproj", "{AC771F0A-160B-49BD-B192-34E819BD88FC}"
EndProject
Global
	GlobalSection(SolutionConfigurationPlatforms) = preSolution
		Debug|Any CPU = Debug|Any CPU
		Release|Any CPU = Release|Any CPU
	EndGlobalSection
	GlobalSection(ProjectConfigurationPlatforms) = postSolution
		{AC771F0A-160B-49BD-B192-34E819BD88FC}.Debug|Any CPU.ActiveCfg = Debug|Any CPU
		{AC771F0A-160B-49BD-B192-34E819BD88FC}.Debug|Any CPU.Build.0 = Debug|Any CPU
		{AC771F0A-160B-49BD-B192-34E819BD88FC}.Release|Any CPU.ActiveCfg = Release|Any CPU
		{AC771F0A-160B-49BD-B192-34E819BD88FC}.Release|Any CPU.Build.0 = Release|Any CPU
	EndGlobalSection
	GlobalSection(SolutionProperties) = preSolution
		HideSolutionNode = FALSE
	EndGlobalSection
EndGlobal
